
Microsoft Visual Studio Solution File, Format Version 12.00
# Visual Studio 14
VisualStudioVersion = 14.0.25123.0
MinimumVisualStudioVersion = 10.0.40219.1
Project("{2150E333-8FDC-42A3-9474-1A3956D46DE8}") = "Solution Items", "Solution Items", "{B6D3C1BB-2A37-4E17-9EE3-DEF28286E782}"
	ProjectSection(SolutionItems) = preProject
		Instructions.txt = Instructions.txt
	EndProjectSection
EndProject
Project("{2150E333-8FDC-42A3-9474-1A3956D46DE8}") = "Solution", "Solution", "{88216E75-0297-436E-8366-39099267B025}"
EndProject
Project("{2150E333-8FDC-42A3-9474-1A3956D46DE8}") = "Common", "Common", "{80239305-0E07-42B7-8FD0-10417C1D7959}"
EndProject
Project("{2150E333-8FDC-42A3-9474-1A3956D46DE8}") = "Framework", "Framework", "{CD1BC63F-BD37-4E15-AEDE-54D5A41F1503}"
EndProject
Project("{2150E333-8FDC-42A3-9474-1A3956D46DE8}") = "Source", "Source", "{5BF8371D-5503-4F0F-847B-2BB34F54FA8D}"
EndProject
Project("{FAE04EC0-301F-11D3-BF4B-00C04F79EFBC}") = "AnyCompany.Data", "AnyCompany.Data\AnyCompany.Data.csproj", "{CFE10266-1DB6-4206-9850-B8AD68D0496C}"
EndProject
Project("{FAE04EC0-301F-11D3-BF4B-00C04F79EFBC}") = "AnyCompany.Data.Contracts", "AnyCompany.Data.Contracts\AnyCompany.Data.Contracts.csproj", "{95B329CB-5678-45E1-8019-C20C7E058E17}"
EndProject
Project("{2150E333-8FDC-42A3-9474-1A3956D46DE8}") = "DataLayer", "DataLayer", "{0BCDF02B-8FEF-42F3-A092-441A72BAFC65}"
EndProject
Project("{2150E333-8FDC-42A3-9474-1A3956D46DE8}") = "BusinessLayer", "BusinessLayer", "{6FAC9FBC-16E4-478B-9987-9B3D73319CEA}"
EndProject
Project("{FAE04EC0-301F-11D3-BF4B-00C04F79EFBC}") = "AnyCompany.Business", "AnyCompany.Business\AnyCompany.Business.csproj", "{9ACB8395-9C29-4CF4-8DD2-0D5DC77BA1ED}"
EndProject
Project("{FAE04EC0-301F-11D3-BF4B-00C04F79EFBC}") = "AnyCompany.Business.Contracts", "AnyCompany.Business.Contracts\AnyCompany.Business.Contracts.csproj", "{276475EF-C066-4CEC-85DB-803CBB78AE67}"
EndProject
Project("{2150E333-8FDC-42A3-9474-1A3956D46DE8}") = "PresentationLayer", "PresentationLayer", "{232F1994-7964-4359-B4AC-D8BA30540CD4}"
EndProject
Project("{FAE04EC0-301F-11D3-BF4B-00C04F79EFBC}") = "AnyCompany.Models", "AnyCompany.Models\AnyCompany.Models.csproj", "{32503226-0F03-4E00-BCFB-65E0B32A2FE5}"
EndProject
Global
	GlobalSection(SolutionConfigurationPlatforms) = preSolution
		Debug|Any CPU = Debug|Any CPU
		Release|Any CPU = Release|Any CPU
	EndGlobalSection
	GlobalSection(ProjectConfigurationPlatforms) = postSolution
		{CFE10266-1DB6-4206-9850-B8AD68D0496C}.Debug|Any CPU.ActiveCfg = Debug|Any CPU
		{CFE10266-1DB6-4206-9850-B8AD68D0496C}.Debug|Any CPU.Build.0 = Debug|Any CPU
		{CFE10266-1DB6-4206-9850-B8AD68D0496C}.Release|Any CPU.ActiveCfg = Release|Any CPU
		{CFE10266-1DB6-4206-9850-B8AD68D0496C}.Release|Any CPU.Build.0 = Release|Any CPU
		{95B329CB-5678-45E1-8019-C20C7E058E17}.Debug|Any CPU.ActiveCfg = Debug|Any CPU
		{95B329CB-5678-45E1-8019-C20C7E058E17}.Debug|Any CPU.Build.0 = Debug|Any CPU
		{95B329CB-5678-45E1-8019-C20C7E058E17}.Release|Any CPU.ActiveCfg = Release|Any CPU
		{95B329CB-5678-45E1-8019-C20C7E058E17}.Release|Any CPU.Build.0 = Release|Any CPU
		{9ACB8395-9C29-4CF4-8DD2-0D5DC77BA1ED}.Debug|Any CPU.ActiveCfg = Debug|Any CPU
		{9ACB8395-9C29-4CF4-8DD2-0D5DC77BA1ED}.Debug|Any CPU.Build.0 = Debug|Any CPU
		{9ACB8395-9C29-4CF4-8DD2-0D5DC77BA1ED}.Release|Any CPU.ActiveCfg = Release|Any CPU
		{9ACB8395-9C29-4CF4-8DD2-0D5DC77BA1ED}.Release|Any CPU.Build.0 = Release|Any CPU
		{276475EF-C066-4CEC-85DB-803CBB78AE67}.Debug|Any CPU.ActiveCfg = Debug|Any CPU
		{276475EF-C066-4CEC-85DB-803CBB78AE67}.Debug|Any CPU.Build.0 = Debug|Any CPU
		{276475EF-C066-4CEC-85DB-803CBB78AE67}.Release|Any CPU.ActiveCfg = Release|Any CPU
		{276475EF-C066-4CEC-85DB-803CBB78AE67}.Release|Any CPU.Build.0 = Release|Any CPU
		{32503226-0F03-4E00-BCFB-65E0B32A2FE5}.Debug|Any CPU.ActiveCfg = Debug|Any CPU
		{32503226-0F03-4E00-BCFB-65E0B32A2FE5}.Debug|Any CPU.Build.0 = Debug|Any CPU
		{32503226-0F03-4E00-BCFB-65E0B32A2FE5}.Release|Any CPU.ActiveCfg = Release|Any CPU
		{32503226-0F03-4E00-BCFB-65E0B32A2FE5}.Release|Any CPU.Build.0 = Release|Any CPU
	EndGlobalSection
	GlobalSection(SolutionProperties) = preSolution
		HideSolutionNode = FALSE
	EndGlobalSection
	GlobalSection(NestedProjects) = preSolution
		{80239305-0E07-42B7-8FD0-10417C1D7959} = {88216E75-0297-436E-8366-39099267B025}
		{CD1BC63F-BD37-4E15-AEDE-54D5A41F1503} = {88216E75-0297-436E-8366-39099267B025}
		{5BF8371D-5503-4F0F-847B-2BB34F54FA8D} = {88216E75-0297-436E-8366-39099267B025}
		{CFE10266-1DB6-4206-9850-B8AD68D0496C} = {0BCDF02B-8FEF-42F3-A092-441A72BAFC65}
		{95B329CB-5678-45E1-8019-C20C7E058E17} = {0BCDF02B-8FEF-42F3-A092-441A72BAFC65}
		{0BCDF02B-8FEF-42F3-A092-441A72BAFC65} = {5BF8371D-5503-4F0F-847B-2BB34F54FA8D}
		{6FAC9FBC-16E4-478B-9987-9B3D73319CEA} = {5BF8371D-5503-4F0F-847B-2BB34F54FA8D}
		{9ACB8395-9C29-4CF4-8DD2-0D5DC77BA1ED} = {6FAC9FBC-16E4-478B-9987-9B3D73319CEA}
		{276475EF-C066-4CEC-85DB-803CBB78AE67} = {6FAC9FBC-16E4-478B-9987-9B3D73319CEA}
		{232F1994-7964-4359-B4AC-D8BA30540CD4} = {5BF8371D-5503-4F0F-847B-2BB34F54FA8D}
		{32503226-0F03-4E00-BCFB-65E0B32A2FE5} = {80239305-0E07-42B7-8FD0-10417C1D7959}
	EndGlobalSection
	GlobalSection(ExtensibilityGlobals) = postSolution
		SolutionGuid = {4D629674-23F9-49DA-971E-77A5D7A7C39D}
	EndGlobalSection
EndGlobal
